{
  "nodes": {
    "agenix": {
      "inputs": {
        "nixpkgs": [
          "nixpkgs"
        ]
      },
      "locked": {
        "lastModified": 1637625975,
        "narHash": "sha256-ByDgmhpLykhAVeaFggjqoSRdl2OzTDODnxjPuu97fL4=",
        "owner": "ryantm",
        "repo": "agenix",
        "rev": "a0e9ca505c82e762d39e9477a428b537a0aab022",
        "type": "github"
      },
      "original": {
        "owner": "ryantm",
        "repo": "agenix",
        "type": "github"
      }
    },
    "flake-utils": {
      "locked": {
        "lastModified": 1637014545,
        "narHash": "sha256-26IZAc5yzlD9FlDT54io1oqG/bBoyka+FJk5guaX4x4=",
        "owner": "numtide",
        "repo": "flake-utils",
        "rev": "bba5dcc8e0b20ab664967ad83d24d64cb64ec4f4",
        "type": "github"
      },
      "original": {
        "owner": "numtide",
        "repo": "flake-utils",
        "type": "github"
      }
    },
    "home-manager": {
      "inputs": {
        "nixpkgs": [
          "nixpkgs"
        ]
      },
      "locked": {
        "lastModified": 1637649415,
        "narHash": "sha256-I82k+kFZuezkWPJypuqhqhChFbzDR4jpn89e2Fm2zRo=",
        "owner": "nix-community",
        "repo": "home-manager",
        "rev": "c4c761ba554bc674b0d5a89eb7e9f7a488a8859d",
        "type": "github"
      },
      "original": {
        "owner": "nix-community",
        "repo": "home-manager",
        "type": "github"
      }
    },
    "nixos-hardware": {
      "locked": {
        "lastModified": 1637564544,
        "narHash": "sha256-wwdjkfdQEbFn+Gr1iBiA5DGgl+Q7PASL83Swo/Wqwy0=",
        "owner": "NixOS",
        "repo": "nixos-hardware",
        "rev": "08cda8e3a5a4e685af525e5a589dfeb74267d505",
        "type": "github"
      },
      "original": {
        "owner": "NixOS",
        "ref": "master",
        "repo": "nixos-hardware",
        "type": "github"
      }
    },
    "nixpkgs": {
      "locked": {
        "lastModified": 1637593665,
        "narHash": "sha256-R7jKS7A+0tZS8qD5pBr1UFcMiTdsw5bfoxgXbYsoWhM=",
        "owner": "NixOS",
        "repo": "nixpkgs",
        "rev": "98747f27ecfee70c8c97b195cbb94df80a074dda",
        "type": "github"
      },
      "original": {
        "owner": "NixOS",
        "ref": "nixpkgs-unstable",
        "repo": "nixpkgs",
        "type": "github"
      }
    },
    "nur": {
      "locked": {
        "lastModified": 1637699577,
        "narHash": "sha256-xHP0GAdS5MLWDZIZhCTuB7DzNNXTdMfRFu2jaXgz/YY=",
        "owner": "nix-community",
        "repo": "NUR",
        "rev": "973bfd81d258f12e48987223e3322cb8755856fe",
        "type": "github"
      },
      "original": {
        "owner": "nix-community",
        "repo": "NUR",
        "type": "github"
      }
    },
    "root": {
      "inputs": {
        "agenix": "agenix",
        "flake-utils": "flake-utils",
        "home-manager": "home-manager",
        "nixos-hardware": "nixos-hardware",
        "nixpkgs": "nixpkgs",
        "nur": "nur"
      }
    }
  },
  "root": "root",
  "version": 7
}
