{
  "nodes": {
    "home-manager": {
      "inputs": {
        "nixpkgs": [
          "nixpkgs"
        ],
        "utils": "utils"
      },
      "locked": {
        "lastModified": 1659484873,
        "narHash": "sha256-6VoPiGyDdjBHOJ3IpS24lY1lrDiOHeuEefOFI0qz3WE=",
        "owner": "nix-community",
        "repo": "home-manager",
        "rev": "d8d9ff0b2df77defa10375c6665b51f0251c34d6",
        "type": "github"
      },
      "original": {
        "owner": "nix-community",
        "repo": "home-manager",
        "type": "github"
      }
    },
    "nixpkgs": {
      "locked": {
        "lastModified": 1659488450,
        "narHash": "sha256-LPXL0pHbCE+isDnhIF5njpBnRZvHgJy6wY/03bj9KPU=",
        "ref": "refs/heads/update_meteor",
        "rev": "8f0e1f0c7962e35f54b085aa4d51b3ecf3d0b19b",
        "revCount": 397141,
        "type": "git",
        "url": "file:///workspace/nixpkgs"
      },
      "original": {
        "type": "git",
        "url": "file:///workspace/nixpkgs"
      }
    },
    "nur": {
      "locked": {
        "lastModified": 1659733116,
        "narHash": "sha256-AP451Ww07bfP0aiIXVX84R8sQbCHDlBn8WkD19ot4WA=",
        "owner": "nix-community",
        "repo": "NUR",
        "rev": "147444a214d8e7a4aaab0c205d5bd04e987747e8",
        "type": "github"
      },
      "original": {
        "owner": "nix-community",
        "repo": "NUR",
        "type": "github"
      }
    },
    "root": {
      "inputs": {
        "home-manager": "home-manager",
        "nixpkgs": "nixpkgs",
        "nur": "nur"
      }
    },
    "utils": {
      "locked": {
        "lastModified": 1653893745,
        "narHash": "sha256-0jntwV3Z8//YwuOjzhV2sgJJPt+HY6KhU7VZUL0fKZQ=",
        "owner": "numtide",
        "repo": "flake-utils",
        "rev": "1ed9fb1935d260de5fe1c2f7ee0ebaae17ed2fa1",
        "type": "github"
      },
      "original": {
        "owner": "numtide",
        "repo": "flake-utils",
        "type": "github"
      }
    }
  },
  "root": "root",
  "version": 7
}
